schema: '2.0'
stages:
  prepare_dataset:
    cmd: env PYTHONPATH=. python src/stages/prepare_dataset.py
    deps:
    - path: data/mental_health.csv
      hash: md5
      md5: 1e302778a1f33075057e980e0f90e577
      size: 62496
    - path: src/stages/prepare_dataset.py
      hash: md5
      md5: 68fa37e81fb56cb47cb51fff416b5423
      size: 776
    outs:
    - path: data/prepared_dataset.csv
      hash: md5
      md5: 921f8120ff4ba3a95f223a365a16fadd
      size: 61295
  data_splite:
    cmd: env PYTHONPATH=. python src/stages/data_splite.py
    deps:
    - path: data/prepared_dataset.csv
      hash: md5
      md5: 921f8120ff4ba3a95f223a365a16fadd
      size: 61295
    - path: src/stages/data_splite.py
      hash: md5
      md5: c04f86e1844b598a090ea0a1d5b3e927
      size: 848
    outs:
    - path: data/test.csv
      hash: md5
      md5: f934b711ce369a4811282787b1ac48c8
      size: 12458
    - path: data/train.csv
      hash: md5
      md5: da8e0c3423f7aea8ebbadb2dfa2bf170
      size: 49049
  train:
    cmd: env PYTHONPATH=. python src/stages/train.py
    deps:
    - path: data/test.csv
      hash: md5
      md5: f934b711ce369a4811282787b1ac48c8
      size: 12458
    - path: data/train.csv
      hash: md5
      md5: da8e0c3423f7aea8ebbadb2dfa2bf170
      size: 49049
    - path: src/config.yaml
      hash: md5
      md5: ba1edd65277e0e086e7e3ee13ba141c1
      size: 310
    - path: src/model_scripts/train.py
      hash: md5
      md5: 0d2b769e8e0551d1d7748cadd18507b7
      size: 460
    - path: src/stages/train.py
      hash: md5
      md5: baef367be8217bd797581275ddcd4d14
      size: 1381
    params:
      src/config.yaml:
        train.depth: 6
        train.iterations: 100
        train.learning_rate: 0.1
    outs:
    - path: metrics.json
      hash: md5
      md5: 9748a826d3322a695512847e675e9bf8
      size: 63
    - path: models/model.pkl
      hash: md5
      md5: f3d4f5a6ed1d673ae723701fdce87349
      size: 114142
